---
- name: "obsd : dns : adblock : activate unbound control"
  shell: unbound-control-setup
  changed_when: false
  tags:
    - net
    - dns

- name: "obsd : dns : adblock : fetch filter script"
  get_url:
    url: https://geoghegan.ca/pub/unbound-adblock/0.5/unbound-adblock.sh
    dest: /usr/local/bin/unbound-adblock
    group: bin
    mode: 755
  register: adblock_changed
  notify:
    - "unbound_restart"
  tags:
    - net
    - dns

- name: "obsd : dns : adblock : create whitelist file"
  template:
    src: adblock_whitelist.j2
    dest: /var/unbound/db/adblock_whitelist
  when: net.dns.filter.whitelist is defined
  notify:
    - "unbound_adblock"
    - "unbound_restart"
  tags:
    - net
    - dns

- name: "obsd : dns : adblock : create adblock user"
  user:
    name: _adblock
    shell: nologin
    home: /var/empty
    create_home: no
  tags:
    - net
    - dns

- name: "obsd : dns : adblock : tune performance"
  community.general.openbsd_pkg:
    name: ripgrep
    state: present
  tags:
    - net
    - dns

# gotta ansible it out some other day. use the filter script as a check for changed
- name: "obsd : dns : adblock : create binaries"
  shell: "{{ item }}"
  loop:
    - "install -m 644 -o _adblock -g wheel /dev/null /var/unbound/db/adblock.rpz"
    - "install -d -o root -g wheel -m 755 /var/log/unbound-adblock"
    - "install -o _adblock -g wheel -m 640 /dev/null /var/log/unbound-adblock/unbound-adblock.log"
    - "install -o _adblock -g wheel -m 640 /dev/null /var/log/unbound-adblock/unbound-adblock.log.0.gz"
  when: adblock_changed.changed
  tags:
    - net
    - dns

#- name: "obsd : dns : adblock : create first ruleset"
#  shell: "{{ 'doas -u _adblock /usr/local/bin/unbound-adblock -O openbsd -w /var/unbound/db/adblock_whitelist' if net.dns.filter.whitelist is defined else 'doas -u _adblock /usr/local/bin/unbound-adblock -O openbsd' }}"
#  when: adblock_changed.changed or adblock_whitelist_changed.changed
#  tags:
#    - net

